
Microsoft Visual Studio Solution File, Format Version 12.00
# Visual Studio Version 17
VisualStudioVersion = 17.3.32804.467
MinimumVisualStudioVersion = 10.0.40219.1
Project("{FAE04EC0-301F-11D3-BF4B-00C04F79EFBC}") = "spectrumdemo.Android", "spectrumdemo\spectrumdemo.Android\spectrumdemo.Android.csproj", "{4519DA21-3C48-4A40-977E-3A8109F8F02F}"
EndProject
Project("{FAE04EC0-301F-11D3-BF4B-00C04F79EFBC}") = "spectrumdemo.iOS", "spectrumdemo\spectrumdemo.iOS\spectrumdemo.iOS.csproj", "{481DFBB2-7B78-4AA8-A9D3-5C523F24F7F9}"
EndProject
Project("{FAE04EC0-301F-11D3-BF4B-00C04F79EFBC}") = "spectrumdemo", "spectrumdemo\spectrumdemo\spectrumdemo.csproj", "{CE89EDEA-A6A7-4891-BC75-2AE22A42DBC9}"
EndProject
Global
	GlobalSection(SolutionConfigurationPlatforms) = preSolution
		Debug|Any CPU = Debug|Any CPU
		Debug|iPhone = Debug|iPhone
		Debug|iPhoneSimulator = Debug|iPhoneSimulator
		Release|Any CPU = Release|Any CPU
		Release|iPhone = Release|iPhone
		Release|iPhoneSimulator = Release|iPhoneSimulator
	EndGlobalSection
	GlobalSection(ProjectConfigurationPlatforms) = postSolution
		{4519DA21-3C48-4A40-977E-3A8109F8F02F}.Debug|Any CPU.ActiveCfg = Debug|Any CPU
		{4519DA21-3C48-4A40-977E-3A8109F8F02F}.Debug|Any CPU.Build.0 = Debug|Any CPU
		{4519DA21-3C48-4A40-977E-3A8109F8F02F}.Debug|Any CPU.Deploy.0 = Debug|Any CPU
		{4519DA21-3C48-4A40-977E-3A8109F8F02F}.Debug|iPhone.ActiveCfg = Debug|Any CPU
		{4519DA21-3C48-4A40-977E-3A8109F8F02F}.Debug|iPhone.Build.0 = Debug|Any CPU
		{4519DA21-3C48-4A40-977E-3A8109F8F02F}.Debug|iPhone.Deploy.0 = Debug|Any CPU
		{4519DA21-3C48-4A40-977E-3A8109F8F02F}.Debug|iPhoneSimulator.ActiveCfg = Debug|Any CPU
		{4519DA21-3C48-4A40-977E-3A8109F8F02F}.Debug|iPhoneSimulator.Build.0 = Debug|Any CPU
		{4519DA21-3C48-4A40-977E-3A8109F8F02F}.Debug|iPhoneSimulator.Deploy.0 = Debug|Any CPU
		{4519DA21-3C48-4A40-977E-3A8109F8F02F}.Release|Any CPU.ActiveCfg = Release|Any CPU
		{4519DA21-3C48-4A40-977E-3A8109F8F02F}.Release|Any CPU.Build.0 = Release|Any CPU
		{4519DA21-3C48-4A40-977E-3A8109F8F02F}.Release|Any CPU.Deploy.0 = Release|Any CPU
		{4519DA21-3C48-4A40-977E-3A8109F8F02F}.Release|iPhone.ActiveCfg = Release|Any CPU
		{4519DA21-3C48-4A40-977E-3A8109F8F02F}.Release|iPhone.Build.0 = Release|Any CPU
		{4519DA21-3C48-4A40-977E-3A8109F8F02F}.Release|iPhone.Deploy.0 = Release|Any CPU
		{4519DA21-3C48-4A40-977E-3A8109F8F02F}.Release|iPhoneSimulator.ActiveCfg = Release|Any CPU
		{4519DA21-3C48-4A40-977E-3A8109F8F02F}.Release|iPhoneSimulator.Build.0 = Release|Any CPU
		{4519DA21-3C48-4A40-977E-3A8109F8F02F}.Release|iPhoneSimulator.Deploy.0 = Release|Any CPU
		{481DFBB2-7B78-4AA8-A9D3-5C523F24F7F9}.Debug|Any CPU.ActiveCfg = Debug|iPhone
		{481DFBB2-7B78-4AA8-A9D3-5C523F24F7F9}.Debug|Any CPU.Build.0 = Debug|iPhone
		{481DFBB2-7B78-4AA8-A9D3-5C523F24F7F9}.Debug|Any CPU.Deploy.0 = Debug|iPhone
		{481DFBB2-7B78-4AA8-A9D3-5C523F24F7F9}.Debug|iPhone.ActiveCfg = Debug|iPhone
		{481DFBB2-7B78-4AA8-A9D3-5C523F24F7F9}.Debug|iPhone.Build.0 = Debug|iPhone
		{481DFBB2-7B78-4AA8-A9D3-5C523F24F7F9}.Debug|iPhone.Deploy.0 = Debug|iPhone
		{481DFBB2-7B78-4AA8-A9D3-5C523F24F7F9}.Debug|iPhoneSimulator.ActiveCfg = Debug|iPhoneSimulator
		{481DFBB2-7B78-4AA8-A9D3-5C523F24F7F9}.Debug|iPhoneSimulator.Build.0 = Debug|iPhoneSimulator
		{481DFBB2-7B78-4AA8-A9D3-5C523F24F7F9}.Debug|iPhoneSimulator.Deploy.0 = Debug|iPhoneSimulator
		{481DFBB2-7B78-4AA8-A9D3-5C523F24F7F9}.Release|Any CPU.ActiveCfg = Release|iPhoneSimulator
		{481DFBB2-7B78-4AA8-A9D3-5C523F24F7F9}.Release|Any CPU.Build.0 = Release|iPhoneSimulator
		{481DFBB2-7B78-4AA8-A9D3-5C523F24F7F9}.Release|Any CPU.Deploy.0 = Release|iPhoneSimulator
		{481DFBB2-7B78-4AA8-A9D3-5C523F24F7F9}.Release|iPhone.ActiveCfg = Release|iPhone
		{481DFBB2-7B78-4AA8-A9D3-5C523F24F7F9}.Release|iPhone.Build.0 = Release|iPhone
		{481DFBB2-7B78-4AA8-A9D3-5C523F24F7F9}.Release|iPhone.Deploy.0 = Release|iPhone
		{481DFBB2-7B78-4AA8-A9D3-5C523F24F7F9}.Release|iPhoneSimulator.ActiveCfg = Release|iPhoneSimulator
		{481DFBB2-7B78-4AA8-A9D3-5C523F24F7F9}.Release|iPhoneSimulator.Build.0 = Release|iPhoneSimulator
		{481DFBB2-7B78-4AA8-A9D3-5C523F24F7F9}.Release|iPhoneSimulator.Deploy.0 = Release|iPhoneSimulator
		{CE89EDEA-A6A7-4891-BC75-2AE22A42DBC9}.Debug|Any CPU.ActiveCfg = Debug|Any CPU
		{CE89EDEA-A6A7-4891-BC75-2AE22A42DBC9}.Debug|Any CPU.Build.0 = Debug|Any CPU
		{CE89EDEA-A6A7-4891-BC75-2AE22A42DBC9}.Debug|Any CPU.Deploy.0 = Debug|Any CPU
		{CE89EDEA-A6A7-4891-BC75-2AE22A42DBC9}.Debug|iPhone.ActiveCfg = Debug|Any CPU
		{CE89EDEA-A6A7-4891-BC75-2AE22A42DBC9}.Debug|iPhone.Build.0 = Debug|Any CPU
		{CE89EDEA-A6A7-4891-BC75-2AE22A42DBC9}.Debug|iPhone.Deploy.0 = Debug|Any CPU
		{CE89EDEA-A6A7-4891-BC75-2AE22A42DBC9}.Debug|iPhoneSimulator.ActiveCfg = Debug|Any CPU
		{CE89EDEA-A6A7-4891-BC75-2AE22A42DBC9}.Debug|iPhoneSimulator.Build.0 = Debug|Any CPU
		{CE89EDEA-A6A7-4891-BC75-2AE22A42DBC9}.Debug|iPhoneSimulator.Deploy.0 = Debug|Any CPU
		{CE89EDEA-A6A7-4891-BC75-2AE22A42DBC9}.Release|Any CPU.ActiveCfg = Release|Any CPU
		{CE89EDEA-A6A7-4891-BC75-2AE22A42DBC9}.Release|Any CPU.Build.0 = Release|Any CPU
		{CE89EDEA-A6A7-4891-BC75-2AE22A42DBC9}.Release|Any CPU.Deploy.0 = Release|Any CPU
		{CE89EDEA-A6A7-4891-BC75-2AE22A42DBC9}.Release|iPhone.ActiveCfg = Release|Any CPU
		{CE89EDEA-A6A7-4891-BC75-2AE22A42DBC9}.Release|iPhone.Build.0 = Release|Any CPU
		{CE89EDEA-A6A7-4891-BC75-2AE22A42DBC9}.Release|iPhone.Deploy.0 = Release|Any CPU
		{CE89EDEA-A6A7-4891-BC75-2AE22A42DBC9}.Release|iPhoneSimulator.ActiveCfg = Release|Any CPU
		{CE89EDEA-A6A7-4891-BC75-2AE22A42DBC9}.Release|iPhoneSimulator.Build.0 = Release|Any CPU
		{CE89EDEA-A6A7-4891-BC75-2AE22A42DBC9}.Release|iPhoneSimulator.Deploy.0 = Release|Any CPU
	EndGlobalSection
	GlobalSection(SolutionProperties) = preSolution
		HideSolutionNode = FALSE
	EndGlobalSection
	GlobalSection(ExtensibilityGlobals) = postSolution
		SolutionGuid = {B8B29D7F-2296-4A7F-A6D9-40BDC5859726}
	EndGlobalSection
EndGlobal
